
Microsoft Visual Studio Solution File, Format Version 12.00
# Visual Studio Version 17
VisualStudioVersion = 17.6.33801.468
MinimumVisualStudioVersion = 10.0.40219.1
Project("{FAE04EC0-301F-11D3-BF4B-00C04F79EFBC}") = "Factorial", "Factorial.csproj", "{5F31630E-3D85-4E9F-A42C-2DCE30130202}"
EndProject
Global
	GlobalSection(SolutionConfigurationPlatforms) = preSolution
		Debug|Any CPU = Debug|Any CPU
		Release|Any CPU = Release|Any CPU
	EndGlobalSection
	GlobalSection(ProjectConfigurationPlatforms) = postSolution
		{5F31630E-3D85-4E9F-A42C-2DCE30130202}.Debug|Any CPU.ActiveCfg = Debug|Any CPU
		{5F31630E-3D85-4E9F-A42C-2DCE30130202}.Debug|Any CPU.Build.0 = Debug|Any CPU
		{5F31630E-3D85-4E9F-A42C-2DCE30130202}.Release|Any CPU.ActiveCfg = Release|Any CPU
		{5F31630E-3D85-4E9F-A42C-2DCE30130202}.Release|Any CPU.Build.0 = Release|Any CPU
	EndGlobalSection
	GlobalSection(SolutionProperties) = preSolution
		HideSolutionNode = FALSE
	EndGlobalSection
	GlobalSection(ExtensibilityGlobals) = postSolution
		SolutionGuid = {40BECFFC-9552-417D-A716-D44899A8F2A3}
	EndGlobalSection
EndGlobal
