
Microsoft Visual Studio Solution File, Format Version 12.00
# Visual Studio Version 17
VisualStudioVersion = 17.6.33801.468
MinimumVisualStudioVersion = 10.0.40219.1
Project("{FAE04EC0-301F-11D3-BF4B-00C04F79EFBC}") = "Product", "Product.csproj", "{1B10C559-3BF4-446F-A151-A7EBED949FF6}"
EndProject
Global
	GlobalSection(SolutionConfigurationPlatforms) = preSolution
		Debug|Any CPU = Debug|Any CPU
		Release|Any CPU = Release|Any CPU
	EndGlobalSection
	GlobalSection(ProjectConfigurationPlatforms) = postSolution
		{1B10C559-3BF4-446F-A151-A7EBED949FF6}.Debug|Any CPU.ActiveCfg = Debug|Any CPU
		{1B10C559-3BF4-446F-A151-A7EBED949FF6}.Debug|Any CPU.Build.0 = Debug|Any CPU
		{1B10C559-3BF4-446F-A151-A7EBED949FF6}.Release|Any CPU.ActiveCfg = Release|Any CPU
		{1B10C559-3BF4-446F-A151-A7EBED949FF6}.Release|Any CPU.Build.0 = Release|Any CPU
	EndGlobalSection
	GlobalSection(SolutionProperties) = preSolution
		HideSolutionNode = FALSE
	EndGlobalSection
	GlobalSection(ExtensibilityGlobals) = postSolution
		SolutionGuid = {3E629204-CF0C-4B4B-A6D7-901FF6EF70E3}
	EndGlobalSection
EndGlobal
